
Microsoft Visual Studio Solution File, Format Version 12.00
# Visual Studio Version 16
VisualStudioVersion = 16.0.29926.136
MinimumVisualStudioVersion = 10.0.40219.1
Project("{FAE04EC0-301F-11D3-BF4B-00C04F79EFBC}") = "NetInfo", "NetInfo\NetInfo.csproj", "{B6E909B5-CB68-4151-9ECD-BCE88074F365}"
EndProject
Project("{FAE04EC0-301F-11D3-BF4B-00C04F79EFBC}") = "NetAda", "NetAda\NetAda.csproj", "{13B54CEC-804E-4076-9D0E-413E4A9B4EB5}"
EndProject
Project("{2150E333-8FDC-42A3-9474-1A3956D46DE8}") = "Assets", "Assets", "{0C53E986-13E3-4C83-9AE6-4BD3E9D411BD}"
EndProject
Project("{2150E333-8FDC-42A3-9474-1A3956D46DE8}") = "libraries", "libraries", "{8CF36CD4-7996-481F-AD10-415D428D01CB}"
	ProjectSection(SolutionItems) = preProject
		..\..\..\..\..\..\..\erkan\Downloads\Programming\WPF_ToastNotifications-master\WPF_ToastNotifications-master\PeanutButter.Toasts\bin\Debug\PeanutButter.Toast.dll = ..\..\..\..\..\..\..\erkan\Downloads\Programming\WPF_ToastNotifications-master\WPF_ToastNotifications-master\PeanutButter.Toasts\bin\Debug\PeanutButter.Toast.dll
	EndProjectSection
EndProject
Project("{FAE04EC0-301F-11D3-BF4B-00C04F79EFBC}") = "Model", "Model\Model.csproj", "{4D3E9D68-23D4-49CC-AD63-936ECB631E0D}"
EndProject
Project("{FAE04EC0-301F-11D3-BF4B-00C04F79EFBC}") = "Core", "Core\Core.csproj", "{7850B5DC-5D5B-49EB-93C9-71C597794454}"
EndProject
Project("{FAE04EC0-301F-11D3-BF4B-00C04F79EFBC}") = "NetSetTestUI", "NetSetTestUI\NetSetTestUI.csproj", "{665F07FD-57D8-43A1-B746-71C3AD03BC6F}"
EndProject
Global
	GlobalSection(SolutionConfigurationPlatforms) = preSolution
		Debug|Any CPU = Debug|Any CPU
		Release|Any CPU = Release|Any CPU
	EndGlobalSection
	GlobalSection(ProjectConfigurationPlatforms) = postSolution
		{B6E909B5-CB68-4151-9ECD-BCE88074F365}.Debug|Any CPU.ActiveCfg = Debug|Any CPU
		{B6E909B5-CB68-4151-9ECD-BCE88074F365}.Debug|Any CPU.Build.0 = Debug|Any CPU
		{B6E909B5-CB68-4151-9ECD-BCE88074F365}.Release|Any CPU.ActiveCfg = Release|Any CPU
		{B6E909B5-CB68-4151-9ECD-BCE88074F365}.Release|Any CPU.Build.0 = Release|Any CPU
		{13B54CEC-804E-4076-9D0E-413E4A9B4EB5}.Debug|Any CPU.ActiveCfg = Debug|Any CPU
		{13B54CEC-804E-4076-9D0E-413E4A9B4EB5}.Debug|Any CPU.Build.0 = Debug|Any CPU
		{13B54CEC-804E-4076-9D0E-413E4A9B4EB5}.Release|Any CPU.ActiveCfg = Release|Any CPU
		{13B54CEC-804E-4076-9D0E-413E4A9B4EB5}.Release|Any CPU.Build.0 = Release|Any CPU
		{4D3E9D68-23D4-49CC-AD63-936ECB631E0D}.Debug|Any CPU.ActiveCfg = Debug|Any CPU
		{4D3E9D68-23D4-49CC-AD63-936ECB631E0D}.Debug|Any CPU.Build.0 = Debug|Any CPU
		{4D3E9D68-23D4-49CC-AD63-936ECB631E0D}.Release|Any CPU.ActiveCfg = Release|Any CPU
		{4D3E9D68-23D4-49CC-AD63-936ECB631E0D}.Release|Any CPU.Build.0 = Release|Any CPU
		{7850B5DC-5D5B-49EB-93C9-71C597794454}.Debug|Any CPU.ActiveCfg = Debug|Any CPU
		{7850B5DC-5D5B-49EB-93C9-71C597794454}.Debug|Any CPU.Build.0 = Debug|Any CPU
		{7850B5DC-5D5B-49EB-93C9-71C597794454}.Release|Any CPU.ActiveCfg = Release|Any CPU
		{7850B5DC-5D5B-49EB-93C9-71C597794454}.Release|Any CPU.Build.0 = Release|Any CPU
		{665F07FD-57D8-43A1-B746-71C3AD03BC6F}.Debug|Any CPU.ActiveCfg = Debug|Any CPU
		{665F07FD-57D8-43A1-B746-71C3AD03BC6F}.Debug|Any CPU.Build.0 = Debug|Any CPU
		{665F07FD-57D8-43A1-B746-71C3AD03BC6F}.Release|Any CPU.ActiveCfg = Release|Any CPU
		{665F07FD-57D8-43A1-B746-71C3AD03BC6F}.Release|Any CPU.Build.0 = Release|Any CPU
	EndGlobalSection
	GlobalSection(SolutionProperties) = preSolution
		HideSolutionNode = FALSE
	EndGlobalSection
	GlobalSection(NestedProjects) = preSolution
		{8CF36CD4-7996-481F-AD10-415D428D01CB} = {0C53E986-13E3-4C83-9AE6-4BD3E9D411BD}
	EndGlobalSection
	GlobalSection(ExtensibilityGlobals) = postSolution
		SolutionGuid = {E77BDC99-95B9-46A3-ADB3-11CDBD88D905}
	EndGlobalSection
EndGlobal
